{
  "version": "3",
  "packages": {
    "specifiers": {
      "npm:@types/node": "npm:@types/node@18.16.19",
      "npm:concurrently": "npm:concurrently@8.2.0",
      "npm:vite": "npm:vite@4.4.7",
      "npm:vite@3.2.4": "npm:vite@3.2.4_@types+node@18.16.19",
      "npm:vite@^4.3.9": "npm:vite@4.4.7"
    },
    "npm": {
      "@babel/runtime@7.22.6": {
        "integrity": "sha512-wDb5pWm4WDdF6LFUde3Jl8WzPA+3ZbxYqkC6xAXuD3irdEHN1k0NfTRrJD8ZD378SJ61miMLCqIOXYhd8x+AJQ==",
        "dependencies": {
          "regenerator-runtime": "regenerator-runtime@0.13.11"
        }
      },
      "@esbuild/android-arm64@0.18.17": {
        "integrity": "sha512-9np+YYdNDed5+Jgr1TdWBsozZ85U1Oa3xW0c7TWqH0y2aGghXtZsuT8nYRbzOMcl0bXZXjOGbksoTtVOlWrRZg==",
        "dependencies": {}
      },
      "@esbuild/android-arm@0.15.18": {
        "integrity": "sha512-5GT+kcs2WVGjVs7+boataCkO5Fg0y4kCjzkB5bAip7H4jfnOS3dA6KPiww9W1OEKTKeAcUVhdZGvgI65OXmUnw==",
        "dependencies": {}
      },
      "@esbuild/android-arm@0.18.17": {
        "integrity": "sha512-wHsmJG/dnL3OkpAcwbgoBTTMHVi4Uyou3F5mf58ZtmUyIKfcdA7TROav/6tCzET4A3QW2Q2FC+eFneMU+iyOxg==",
        "dependencies": {}
      },
      "@esbuild/android-x64@0.18.17": {
        "integrity": "sha512-O+FeWB/+xya0aLg23hHEM2E3hbfwZzjqumKMSIqcHbNvDa+dza2D0yLuymRBQQnC34CWrsJUXyH2MG5VnLd6uw==",
        "dependencies": {}
      },
      "@esbuild/darwin-arm64@0.18.17": {
        "integrity": "sha512-M9uJ9VSB1oli2BE/dJs3zVr9kcCBBsE883prage1NWz6pBS++1oNn/7soPNS3+1DGj0FrkSvnED4Bmlu1VAE9g==",
        "dependencies": {}
      },
      "@esbuild/darwin-x64@0.18.17": {
        "integrity": "sha512-XDre+J5YeIJDMfp3n0279DFNrGCXlxOuGsWIkRb1NThMZ0BsrWXoTg23Jer7fEXQ9Ye5QjrvXpxnhzl3bHtk0g==",
        "dependencies": {}
      },
      "@esbuild/freebsd-arm64@0.18.17": {
        "integrity": "sha512-cjTzGa3QlNfERa0+ptykyxs5A6FEUQQF0MuilYXYBGdBxD3vxJcKnzDlhDCa1VAJCmAxed6mYhA2KaJIbtiNuQ==",
        "dependencies": {}
      },
      "@esbuild/freebsd-x64@0.18.17": {
        "integrity": "sha512-sOxEvR8d7V7Kw8QqzxWc7bFfnWnGdaFBut1dRUYtu+EIRXefBc/eIsiUiShnW0hM3FmQ5Zf27suDuHsKgZ5QrA==",
        "dependencies": {}
      },
      "@esbuild/linux-arm64@0.18.17": {
        "integrity": "sha512-c9w3tE7qA3CYWjT+M3BMbwMt+0JYOp3vCMKgVBrCl1nwjAlOMYzEo+gG7QaZ9AtqZFj5MbUc885wuBBmu6aADQ==",
        "dependencies": {}
      },
      "@esbuild/linux-arm@0.18.17": {
        "integrity": "sha512-2d3Lw6wkwgSLC2fIvXKoMNGVaeY8qdN0IC3rfuVxJp89CRfA3e3VqWifGDfuakPmp90+ZirmTfye1n4ncjv2lg==",
        "dependencies": {}
      },
      "@esbuild/linux-ia32@0.18.17": {
        "integrity": "sha512-1DS9F966pn5pPnqXYz16dQqWIB0dmDfAQZd6jSSpiT9eX1NzKh07J6VKR3AoXXXEk6CqZMojiVDSZi1SlmKVdg==",
        "dependencies": {}
      },
      "@esbuild/linux-loong64@0.15.18": {
        "integrity": "sha512-L4jVKS82XVhw2nvzLg/19ClLWg0y27ulRwuP7lcyL6AbUWB5aPglXY3M21mauDQMDfRLs8cQmeT03r/+X3cZYQ==",
        "dependencies": {}
      },
      "@esbuild/linux-loong64@0.18.17": {
        "integrity": "sha512-EvLsxCk6ZF0fpCB6w6eOI2Fc8KW5N6sHlIovNe8uOFObL2O+Mr0bflPHyHwLT6rwMg9r77WOAWb2FqCQrVnwFg==",
        "dependencies": {}
      },
      "@esbuild/linux-mips64el@0.18.17": {
        "integrity": "sha512-e0bIdHA5p6l+lwqTE36NAW5hHtw2tNRmHlGBygZC14QObsA3bD4C6sXLJjvnDIjSKhW1/0S3eDy+QmX/uZWEYQ==",
        "dependencies": {}
      },
      "@esbuild/linux-ppc64@0.18.17": {
        "integrity": "sha512-BAAilJ0M5O2uMxHYGjFKn4nJKF6fNCdP1E0o5t5fvMYYzeIqy2JdAP88Az5LHt9qBoUa4tDaRpfWt21ep5/WqQ==",
        "dependencies": {}
      },
      "@esbuild/linux-riscv64@0.18.17": {
        "integrity": "sha512-Wh/HW2MPnC3b8BqRSIme/9Zhab36PPH+3zam5pqGRH4pE+4xTrVLx2+XdGp6fVS3L2x+DrsIcsbMleex8fbE6g==",
        "dependencies": {}
      },
      "@esbuild/linux-s390x@0.18.17": {
        "integrity": "sha512-j/34jAl3ul3PNcK3pfI0NSlBANduT2UO5kZ7FCaK33XFv3chDhICLY8wJJWIhiQ+YNdQ9dxqQctRg2bvrMlYgg==",
        "dependencies": {}
      },
      "@esbuild/linux-x64@0.18.17": {
        "integrity": "sha512-QM50vJ/y+8I60qEmFxMoxIx4de03pGo2HwxdBeFd4nMh364X6TIBZ6VQ5UQmPbQWUVWHWws5MmJXlHAXvJEmpQ==",
        "dependencies": {}
      },
      "@esbuild/netbsd-x64@0.18.17": {
        "integrity": "sha512-/jGlhWR7Sj9JPZHzXyyMZ1RFMkNPjC6QIAan0sDOtIo2TYk3tZn5UDrkE0XgsTQCxWTTOcMPf9p6Rh2hXtl5TQ==",
        "dependencies": {}
      },
      "@esbuild/openbsd-x64@0.18.17": {
        "integrity": "sha512-rSEeYaGgyGGf4qZM2NonMhMOP/5EHp4u9ehFiBrg7stH6BYEEjlkVREuDEcQ0LfIl53OXLxNbfuIj7mr5m29TA==",
        "dependencies": {}
      },
      "@esbuild/sunos-x64@0.18.17": {
        "integrity": "sha512-Y7ZBbkLqlSgn4+zot4KUNYst0bFoO68tRgI6mY2FIM+b7ZbyNVtNbDP5y8qlu4/knZZ73fgJDlXID+ohY5zt5g==",
        "dependencies": {}
      },
      "@esbuild/win32-arm64@0.18.17": {
        "integrity": "sha512-bwPmTJsEQcbZk26oYpc4c/8PvTY3J5/QK8jM19DVlEsAB41M39aWovWoHtNm78sd6ip6prilxeHosPADXtEJFw==",
        "dependencies": {}
      },
      "@esbuild/win32-ia32@0.18.17": {
        "integrity": "sha512-H/XaPtPKli2MhW+3CQueo6Ni3Avggi6hP/YvgkEe1aSaxw+AeO8MFjq8DlgfTd9Iz4Yih3QCZI6YLMoyccnPRg==",
        "dependencies": {}
      },
      "@esbuild/win32-x64@0.18.17": {
        "integrity": "sha512-fGEb8f2BSA3CW7riJVurug65ACLuQAzKq0SSqkY2b2yHHH0MzDfbLyKIGzHwOI/gkHcxM/leuSW6D5w/LMNitA==",
        "dependencies": {}
      },
      "@types/node@18.16.19": {
        "integrity": "sha512-IXl7o+R9iti9eBW4Wg2hx1xQDig183jj7YLn8F7udNceyfkbn1ZxmzZXuak20gR40D7pIkIY1kYGx5VIGbaHKA==",
        "dependencies": {}
      },
      "ansi-regex@5.0.1": {
        "integrity": "sha512-quJQXlTSUGL2LH9SUXo8VwsY4soanhgo6LNSm84E1LBcE8s3O0wpdiRzyR9z/ZZJMlMWv37qOOb9pdJlMUEKFQ==",
        "dependencies": {}
      },
      "ansi-styles@4.3.0": {
        "integrity": "sha512-zbB9rCJAT1rbjiVDb2hqKFHNYLxgtk8NURxZ3IZwD3F6NtxbXZQCnnSi1Lkx+IDohdPlFp222wVALIheZJQSEg==",
        "dependencies": {
          "color-convert": "color-convert@2.0.1"
        }
      },
      "chalk@4.1.2": {
        "integrity": "sha512-oKnbhFyRIXpUuez8iBMmyEa4nbj4IOQyuhc/wy9kY7/WVPcwIO9VA668Pu8RkO7+0G76SLROeyw9CpQ061i4mA==",
        "dependencies": {
          "ansi-styles": "ansi-styles@4.3.0",
          "supports-color": "supports-color@7.2.0"
        }
      },
      "cliui@8.0.1": {
        "integrity": "sha512-BSeNnyus75C4//NQ9gQt1/csTXyo/8Sb+afLAkzAptFuMsod9HFokGNudZpi/oQV73hnVK+sR+5PVRMd+Dr7YQ==",
        "dependencies": {
          "string-width": "string-width@4.2.3",
          "strip-ansi": "strip-ansi@6.0.1",
          "wrap-ansi": "wrap-ansi@7.0.0"
        }
      },
      "color-convert@2.0.1": {
        "integrity": "sha512-RRECPsj7iu/xb5oKYcsFHSppFNnsj/52OVTRKb4zP5onXwVF3zVmmToNcOfGC+CRDpfK/U584fMg38ZHCaElKQ==",
        "dependencies": {
          "color-name": "color-name@1.1.4"
        }
      },
      "color-name@1.1.4": {
        "integrity": "sha512-dOy+3AuW3a2wNbZHIuMZpTcgjGuLU/uBL/ubcZF9OXbDo8ff4O8yVp5Bf0efS8uEoYo5q4Fx7dY9OgQGXgAsQA==",
        "dependencies": {}
      },
      "concurrently@8.2.0": {
        "integrity": "sha512-nnLMxO2LU492mTUj9qX/az/lESonSZu81UznYDoXtz1IQf996ixVqPAgHXwvHiHCAef/7S8HIK+fTFK7Ifk8YA==",
        "dependencies": {
          "chalk": "chalk@4.1.2",
          "date-fns": "date-fns@2.30.0",
          "lodash": "lodash@4.17.21",
          "rxjs": "rxjs@7.8.1",
          "shell-quote": "shell-quote@1.8.1",
          "spawn-command": "spawn-command@0.0.2",
          "supports-color": "supports-color@8.1.1",
          "tree-kill": "tree-kill@1.2.2",
          "yargs": "yargs@17.7.2"
        }
      },
      "date-fns@2.30.0": {
        "integrity": "sha512-fnULvOpxnC5/Vg3NCiWelDsLiUc9bRwAPs/+LfTLNvetFCtCTN+yQz15C/fs4AwX1R9K5GLtLfn8QW+dWisaAw==",
        "dependencies": {
          "@babel/runtime": "@babel/runtime@7.22.6"
        }
      },
      "emoji-regex@8.0.0": {
        "integrity": "sha512-MSjYzcWNOA0ewAHpz0MxpYFvwg6yjy1NG3xteoqz644VCo/RPgnr1/GGt+ic3iJTzQ8Eu3TdM14SawnVUmGE6A==",
        "dependencies": {}
      },
      "esbuild-android-64@0.15.18": {
        "integrity": "sha512-wnpt3OXRhcjfIDSZu9bnzT4/TNTDsOUvip0foZOUBG7QbSt//w3QV4FInVJxNhKc/ErhUxc5z4QjHtMi7/TbgA==",
        "dependencies": {}
      },
      "esbuild-android-arm64@0.15.18": {
        "integrity": "sha512-G4xu89B8FCzav9XU8EjsXacCKSG2FT7wW9J6hOc18soEHJdtWu03L3TQDGf0geNxfLTtxENKBzMSq9LlbjS8OQ==",
        "dependencies": {}
      },
      "esbuild-darwin-64@0.15.18": {
        "integrity": "sha512-2WAvs95uPnVJPuYKP0Eqx+Dl/jaYseZEUUT1sjg97TJa4oBtbAKnPnl3b5M9l51/nbx7+QAEtuummJZW0sBEmg==",
        "dependencies": {}
      },
      "esbuild-darwin-arm64@0.15.18": {
        "integrity": "sha512-tKPSxcTJ5OmNb1btVikATJ8NftlyNlc8BVNtyT/UAr62JFOhwHlnoPrhYWz09akBLHI9nElFVfWSTSRsrZiDUA==",
        "dependencies": {}
      },
      "esbuild-freebsd-64@0.15.18": {
        "integrity": "sha512-TT3uBUxkteAjR1QbsmvSsjpKjOX6UkCstr8nMr+q7zi3NuZ1oIpa8U41Y8I8dJH2fJgdC3Dj3CXO5biLQpfdZA==",
        "dependencies": {}
      },
      "esbuild-freebsd-arm64@0.15.18": {
        "integrity": "sha512-R/oVr+X3Tkh+S0+tL41wRMbdWtpWB8hEAMsOXDumSSa6qJR89U0S/PpLXrGF7Wk/JykfpWNokERUpCeHDl47wA==",
        "dependencies": {}
      },
      "esbuild-linux-32@0.15.18": {
        "integrity": "sha512-lphF3HiCSYtaa9p1DtXndiQEeQDKPl9eN/XNoBf2amEghugNuqXNZA/ZovthNE2aa4EN43WroO0B85xVSjYkbg==",
        "dependencies": {}
      },
      "esbuild-linux-64@0.15.18": {
        "integrity": "sha512-hNSeP97IviD7oxLKFuii5sDPJ+QHeiFTFLoLm7NZQligur8poNOWGIgpQ7Qf8Balb69hptMZzyOBIPtY09GZYw==",
        "dependencies": {}
      },
      "esbuild-linux-arm64@0.15.18": {
        "integrity": "sha512-54qr8kg/6ilcxd+0V3h9rjT4qmjc0CccMVWrjOEM/pEcUzt8X62HfBSeZfT2ECpM7104mk4yfQXkosY8Quptug==",
        "dependencies": {}
      },
      "esbuild-linux-arm@0.15.18": {
        "integrity": "sha512-UH779gstRblS4aoS2qpMl3wjg7U0j+ygu3GjIeTonCcN79ZvpPee12Qun3vcdxX+37O5LFxz39XeW2I9bybMVA==",
        "dependencies": {}
      },
      "esbuild-linux-mips64le@0.15.18": {
        "integrity": "sha512-Mk6Ppwzzz3YbMl/ZZL2P0q1tnYqh/trYZ1VfNP47C31yT0K8t9s7Z077QrDA/guU60tGNp2GOwCQnp+DYv7bxQ==",
        "dependencies": {}
      },
      "esbuild-linux-ppc64le@0.15.18": {
        "integrity": "sha512-b0XkN4pL9WUulPTa/VKHx2wLCgvIAbgwABGnKMY19WhKZPT+8BxhZdqz6EgkqCLld7X5qiCY2F/bfpUUlnFZ9w==",
        "dependencies": {}
      },
      "esbuild-linux-riscv64@0.15.18": {
        "integrity": "sha512-ba2COaoF5wL6VLZWn04k+ACZjZ6NYniMSQStodFKH/Pu6RxzQqzsmjR1t9QC89VYJxBeyVPTaHuBMCejl3O/xg==",
        "dependencies": {}
      },
      "esbuild-linux-s390x@0.15.18": {
        "integrity": "sha512-VbpGuXEl5FCs1wDVp93O8UIzl3ZrglgnSQ+Hu79g7hZu6te6/YHgVJxCM2SqfIila0J3k0csfnf8VD2W7u2kzQ==",
        "dependencies": {}
      },
      "esbuild-netbsd-64@0.15.18": {
        "integrity": "sha512-98ukeCdvdX7wr1vUYQzKo4kQ0N2p27H7I11maINv73fVEXt2kyh4K4m9f35U1K43Xc2QGXlzAw0K9yoU7JUjOg==",
        "dependencies": {}
      },
      "esbuild-openbsd-64@0.15.18": {
        "integrity": "sha512-yK5NCcH31Uae076AyQAXeJzt/vxIo9+omZRKj1pauhk3ITuADzuOx5N2fdHrAKPxN+zH3w96uFKlY7yIn490xQ==",
        "dependencies": {}
      },
      "esbuild-sunos-64@0.15.18": {
        "integrity": "sha512-On22LLFlBeLNj/YF3FT+cXcyKPEI263nflYlAhz5crxtp3yRG1Ugfr7ITyxmCmjm4vbN/dGrb/B7w7U8yJR9yw==",
        "dependencies": {}
      },
      "esbuild-windows-32@0.15.18": {
        "integrity": "sha512-o+eyLu2MjVny/nt+E0uPnBxYuJHBvho8vWsC2lV61A7wwTWC3jkN2w36jtA+yv1UgYkHRihPuQsL23hsCYGcOQ==",
        "dependencies": {}
      },
      "esbuild-windows-64@0.15.18": {
        "integrity": "sha512-qinug1iTTaIIrCorAUjR0fcBk24fjzEedFYhhispP8Oc7SFvs+XeW3YpAKiKp8dRpizl4YYAhxMjlftAMJiaUw==",
        "dependencies": {}
      },
      "esbuild-windows-arm64@0.15.18": {
        "integrity": "sha512-q9bsYzegpZcLziq0zgUi5KqGVtfhjxGbnksaBFYmWLxeV/S1fK4OLdq2DFYnXcLMjlZw2L0jLsk1eGoB522WXQ==",
        "dependencies": {}
      },
      "esbuild@0.15.18": {
        "integrity": "sha512-x/R72SmW3sSFRm5zrrIjAhCeQSAWoni3CmHEqfQrZIQTM3lVCdehdwuIqaOtfC2slvpdlLa62GYoN8SxT23m6Q==",
        "dependencies": {
          "@esbuild/android-arm": "@esbuild/android-arm@0.15.18",
          "@esbuild/linux-loong64": "@esbuild/linux-loong64@0.15.18",
          "esbuild-android-64": "esbuild-android-64@0.15.18",
          "esbuild-android-arm64": "esbuild-android-arm64@0.15.18",
          "esbuild-darwin-64": "esbuild-darwin-64@0.15.18",
          "esbuild-darwin-arm64": "esbuild-darwin-arm64@0.15.18",
          "esbuild-freebsd-64": "esbuild-freebsd-64@0.15.18",
          "esbuild-freebsd-arm64": "esbuild-freebsd-arm64@0.15.18",
          "esbuild-linux-32": "esbuild-linux-32@0.15.18",
          "esbuild-linux-64": "esbuild-linux-64@0.15.18",
          "esbuild-linux-arm": "esbuild-linux-arm@0.15.18",
          "esbuild-linux-arm64": "esbuild-linux-arm64@0.15.18",
          "esbuild-linux-mips64le": "esbuild-linux-mips64le@0.15.18",
          "esbuild-linux-ppc64le": "esbuild-linux-ppc64le@0.15.18",
          "esbuild-linux-riscv64": "esbuild-linux-riscv64@0.15.18",
          "esbuild-linux-s390x": "esbuild-linux-s390x@0.15.18",
          "esbuild-netbsd-64": "esbuild-netbsd-64@0.15.18",
          "esbuild-openbsd-64": "esbuild-openbsd-64@0.15.18",
          "esbuild-sunos-64": "esbuild-sunos-64@0.15.18",
          "esbuild-windows-32": "esbuild-windows-32@0.15.18",
          "esbuild-windows-64": "esbuild-windows-64@0.15.18",
          "esbuild-windows-arm64": "esbuild-windows-arm64@0.15.18"
        }
      },
      "esbuild@0.18.17": {
        "integrity": "sha512-1GJtYnUxsJreHYA0Y+iQz2UEykonY66HNWOb0yXYZi9/kNrORUEHVg87eQsCtqh59PEJ5YVZJO98JHznMJSWjg==",
        "dependencies": {
          "@esbuild/android-arm": "@esbuild/android-arm@0.18.17",
          "@esbuild/android-arm64": "@esbuild/android-arm64@0.18.17",
          "@esbuild/android-x64": "@esbuild/android-x64@0.18.17",
          "@esbuild/darwin-arm64": "@esbuild/darwin-arm64@0.18.17",
          "@esbuild/darwin-x64": "@esbuild/darwin-x64@0.18.17",
          "@esbuild/freebsd-arm64": "@esbuild/freebsd-arm64@0.18.17",
          "@esbuild/freebsd-x64": "@esbuild/freebsd-x64@0.18.17",
          "@esbuild/linux-arm": "@esbuild/linux-arm@0.18.17",
          "@esbuild/linux-arm64": "@esbuild/linux-arm64@0.18.17",
          "@esbuild/linux-ia32": "@esbuild/linux-ia32@0.18.17",
          "@esbuild/linux-loong64": "@esbuild/linux-loong64@0.18.17",
          "@esbuild/linux-mips64el": "@esbuild/linux-mips64el@0.18.17",
          "@esbuild/linux-ppc64": "@esbuild/linux-ppc64@0.18.17",
          "@esbuild/linux-riscv64": "@esbuild/linux-riscv64@0.18.17",
          "@esbuild/linux-s390x": "@esbuild/linux-s390x@0.18.17",
          "@esbuild/linux-x64": "@esbuild/linux-x64@0.18.17",
          "@esbuild/netbsd-x64": "@esbuild/netbsd-x64@0.18.17",
          "@esbuild/openbsd-x64": "@esbuild/openbsd-x64@0.18.17",
          "@esbuild/sunos-x64": "@esbuild/sunos-x64@0.18.17",
          "@esbuild/win32-arm64": "@esbuild/win32-arm64@0.18.17",
          "@esbuild/win32-ia32": "@esbuild/win32-ia32@0.18.17",
          "@esbuild/win32-x64": "@esbuild/win32-x64@0.18.17"
        }
      },
      "escalade@3.1.1": {
        "integrity": "sha512-k0er2gUkLf8O0zKJiAhmkTnJlTvINGv7ygDNPbeIsX/TJjGJZHuh9B2UxbsaEkmlEo9MfhrSzmhIlhRlI2GXnw==",
        "dependencies": {}
      },
      "fsevents@2.3.2": {
        "integrity": "sha512-xiqMQR4xAeHTuB9uWm+fFRcIOgKBMiOBP+eXiyT7jsgVCq1bkVygt00oASowB7EdtpOHaaPgKt812P9ab+DDKA==",
        "dependencies": {}
      },
      "function-bind@1.1.1": {
        "integrity": "sha512-yIovAzMX49sF8Yl58fSCWJ5svSLuaibPxXQJFLmBObTuCr0Mf1KiPopGM9NiFjiYBCbfaa2Fh6breQ6ANVTI0A==",
        "dependencies": {}
      },
      "get-caller-file@2.0.5": {
        "integrity": "sha512-DyFP3BM/3YHTQOCUL/w0OZHR0lpKeGrxotcHWcqNEdnltqFwXVfhEBQ94eIo34AfQpo0rGki4cyIiftY06h2Fg==",
        "dependencies": {}
      },
      "has-flag@4.0.0": {
        "integrity": "sha512-EykJT/Q1KjTWctppgIAgfSO0tKVuZUjhgMr17kqTumMl6Afv3EISleU7qZUzoXDFTAHTDC4NOoG/ZxU3EvlMPQ==",
        "dependencies": {}
      },
      "has@1.0.3": {
        "integrity": "sha512-f2dvO0VU6Oej7RkWJGrehjbzMAjFp5/VKPp5tTpWIV4JHHZK1/BxbFRtf/siA2SWTe09caDmVtYYzWEIbBS4zw==",
        "dependencies": {
          "function-bind": "function-bind@1.1.1"
        }
      },
      "is-core-module@2.13.0": {
        "integrity": "sha512-Z7dk6Qo8pOCp3l4tsX2C5ZVas4V+UxwQodwZhLopL91TX8UyyHEXafPcyoeeWuLrwzHcr3igO78wNLwHJHsMCQ==",
        "dependencies": {
          "has": "has@1.0.3"
        }
      },
      "is-fullwidth-code-point@3.0.0": {
        "integrity": "sha512-zymm5+u+sCsSWyD9qNaejV3DFvhCKclKdizYaJUuHA83RLjb7nSuGnddCHGv0hk+KY7BMAlsWeK4Ueg6EV6XQg==",
        "dependencies": {}
      },
      "lodash@4.17.21": {
        "integrity": "sha512-v2kDEe57lecTulaDIuNTPy3Ry4gLGJ6Z1O3vE1krgXZNrsQ+LFTGHVxVjcXPs17LhbZVGedAJv8XZ1tvj5FvSg==",
        "dependencies": {}
      },
      "nanoid@3.3.6": {
        "integrity": "sha512-BGcqMMJuToF7i1rt+2PWSNVnWIkGCU78jBG3RxO/bZlnZPK2Cmi2QaffxGO/2RvWi9sL+FAiRiXMgsyxQ1DIDA==",
        "dependencies": {}
      },
      "path-parse@1.0.7": {
        "integrity": "sha512-LDJzPVEEEPR+y48z93A0Ed0yXb8pAByGWo/k5YYdYgpY2/2EsOsksJrq7lOHxryrVOn1ejG6oAp8ahvOIQD8sw==",
        "dependencies": {}
      },
      "picocolors@1.0.0": {
        "integrity": "sha512-1fygroTLlHu66zi26VoTDv8yRgm0Fccecssto+MhsZ0D/DGW2sm8E8AjW7NU5VVTRt5GxbeZ5qBuJr+HyLYkjQ==",
        "dependencies": {}
      },
      "postcss@8.4.27": {
        "integrity": "sha512-gY/ACJtJPSmUFPDCHtX78+01fHa64FaU4zaaWfuh1MhGJISufJAH4cun6k/8fwsHYeK4UQmENQK+tRLCFJE8JQ==",
        "dependencies": {
          "nanoid": "nanoid@3.3.6",
          "picocolors": "picocolors@1.0.0",
          "source-map-js": "source-map-js@1.0.2"
        }
      },
      "regenerator-runtime@0.13.11": {
        "integrity": "sha512-kY1AZVr2Ra+t+piVaJ4gxaFaReZVH40AKNo7UCX6W+dEwBo/2oZJzqfuN1qLq1oL45o56cPaTXELwrTh8Fpggg==",
        "dependencies": {}
      },
      "require-directory@2.1.1": {
        "integrity": "sha512-fGxEI7+wsG9xrvdjsrlmL22OMTTiHRwAMroiEeMgq8gzoLC/PQr7RsRDSTLUg/bZAZtF+TVIkHc6/4RIKrui+Q==",
        "dependencies": {}
      },
      "resolve@1.22.6": {
        "integrity": "sha512-njhxM7mV12JfufShqGy3Rz8j11RPdLy4xi15UurGJeoHLfJpVXKdh3ueuOqbYUcDZnffr6X739JBo5LzyahEsw==",
        "dependencies": {
          "is-core-module": "is-core-module@2.13.0",
          "path-parse": "path-parse@1.0.7",
          "supports-preserve-symlinks-flag": "supports-preserve-symlinks-flag@1.0.0"
        }
      },
      "rollup@2.79.1": {
        "integrity": "sha512-uKxbd0IhMZOhjAiD5oAFp7BqvkA4Dv47qpOCtaNvng4HBwdbWtdOh8f5nZNuk2rp51PMGk3bzfWu5oayNEuYnw==",
        "dependencies": {
          "fsevents": "fsevents@2.3.2"
        }
      },
      "rollup@3.27.0": {
        "integrity": "sha512-aOltLCrYZ0FhJDm7fCqwTjIUEVjWjcydKBV/Zeid6Mn8BWgDCUBBWT5beM5ieForYNo/1ZHuGJdka26kvQ3Gzg==",
        "dependencies": {}
      },
      "rxjs@7.8.1": {
        "integrity": "sha512-AA3TVj+0A2iuIoQkWEK/tqFjBq2j+6PO6Y0zJcvzLAFhEFIO3HL0vls9hWLncZbAAbK0mar7oZ4V079I/qPMxg==",
        "dependencies": {
          "tslib": "tslib@2.6.1"
        }
      },
      "shell-quote@1.8.1": {
        "integrity": "sha512-6j1W9l1iAs/4xYBI1SYOVZyFcCis9b4KCLQ8fgAGG07QvzaRLVVRQvAy85yNmmZSjYjg4MWh4gNvlPujU/5LpA==",
        "dependencies": {}
      },
      "source-map-js@1.0.2": {
        "integrity": "sha512-R0XvVJ9WusLiqTCEiGCmICCMplcCkIwwR11mOSD9CR5u+IXYdiseeEuXCVAjS54zqwkLcPNnmU4OeJ6tUrWhDw==",
        "dependencies": {}
      },
      "spawn-command@0.0.2": {
        "integrity": "sha512-zC8zGoGkmc8J9ndvml8Xksr1Amk9qBujgbF0JAIWO7kXr43w0h/0GJNM/Vustixu+YE8N/MTrQ7N31FvHUACxQ==",
        "dependencies": {}
      },
      "string-width@4.2.3": {
        "integrity": "sha512-wKyQRQpjJ0sIp62ErSZdGsjMJWsap5oRNihHhu6G7JVO/9jIB6UyevL+tXuOqrng8j/cxKTWyWUwvSTriiZz/g==",
        "dependencies": {
          "emoji-regex": "emoji-regex@8.0.0",
          "is-fullwidth-code-point": "is-fullwidth-code-point@3.0.0",
          "strip-ansi": "strip-ansi@6.0.1"
        }
      },
      "strip-ansi@6.0.1": {
        "integrity": "sha512-Y38VPSHcqkFrCpFnQ9vuSXmquuv5oXOKpGeT6aGrr3o3Gc9AlVa6JBfUSOCnbxGGZF+/0ooI7KrPuUSztUdU5A==",
        "dependencies": {
          "ansi-regex": "ansi-regex@5.0.1"
        }
      },
      "supports-color@7.2.0": {
        "integrity": "sha512-qpCAvRl9stuOHveKsn7HncJRvv501qIacKzQlO/+Lwxc9+0q2wLyv4Dfvt80/DPn2pqOBsJdDiogXGR9+OvwRw==",
        "dependencies": {
          "has-flag": "has-flag@4.0.0"
        }
      },
      "supports-color@8.1.1": {
        "integrity": "sha512-MpUEN2OodtUzxvKQl72cUF7RQ5EiHsGvSsVG0ia9c5RbWGL2CI4C7EpPS8UTBIplnlzZiNuV56w+FuNxy3ty2Q==",
        "dependencies": {
          "has-flag": "has-flag@4.0.0"
        }
      },
      "supports-preserve-symlinks-flag@1.0.0": {
        "integrity": "sha512-ot0WnXS9fgdkgIcePe6RHNk1WA8+muPa6cSjeR3V8K27q9BB1rTE3R1p7Hv0z1ZyAc8s6Vvv8DIyWf681MAt0w==",
        "dependencies": {}
      },
      "tree-kill@1.2.2": {
        "integrity": "sha512-L0Orpi8qGpRG//Nd+H90vFB+3iHnue1zSSGmNOOCh1GLJ7rUKVwV2HvijphGQS2UmhUZewS9VgvxYIdgr+fG1A==",
        "dependencies": {}
      },
      "tslib@2.6.1": {
        "integrity": "sha512-t0hLfiEKfMUoqhG+U1oid7Pva4bbDPHYfJNiB7BiIjRkj1pyC++4N3huJfqY6aRH6VTB0rvtzQwjM4K6qpfOig==",
        "dependencies": {}
      },
      "vite@3.2.4_@types+node@18.16.19": {
        "integrity": "sha512-Z2X6SRAffOUYTa+sLy3NQ7nlHFU100xwanq1WDwqaiFiCe+25zdxP1TfCS5ojPV2oDDcXudHIoPnI1Z/66B7Yw==",
        "dependencies": {
          "@types/node": "@types/node@18.16.19",
          "esbuild": "esbuild@0.15.18",
          "fsevents": "fsevents@2.3.2",
          "postcss": "postcss@8.4.27",
          "resolve": "resolve@1.22.6",
          "rollup": "rollup@2.79.1"
        }
      },
      "vite@4.4.7": {
        "integrity": "sha512-6pYf9QJ1mHylfVh39HpuSfMPojPSKVxZvnclX1K1FyZ1PXDOcLBibdq5t1qxJSnL63ca8Wf4zts6mD8u8oc9Fw==",
        "dependencies": {
          "esbuild": "esbuild@0.18.17",
          "fsevents": "fsevents@2.3.2",
          "postcss": "postcss@8.4.27",
          "rollup": "rollup@3.27.0"
        }
      },
      "wrap-ansi@7.0.0": {
        "integrity": "sha512-YVGIj2kamLSTxw6NsZjoBxfSwsn0ycdesmc4p+Q21c5zPuZ1pl+NfxVdxPtdHvmNVOQ6XSYG4AUtyt/Fi7D16Q==",
        "dependencies": {
          "ansi-styles": "ansi-styles@4.3.0",
          "string-width": "string-width@4.2.3",
          "strip-ansi": "strip-ansi@6.0.1"
        }
      },
      "y18n@5.0.8": {
        "integrity": "sha512-0pfFzegeDWJHJIAmTLRP2DwHjdF5s7jo9tuztdQxAhINCdvS+3nGINqPd00AphqJR/0LhANUS6/+7SCb98YOfA==",
        "dependencies": {}
      },
      "yargs-parser@21.1.1": {
        "integrity": "sha512-tVpsJW7DdjecAiFpbIB1e3qxIQsE6NoPc5/eTdrbbIC4h0LVsWhnoa3g+m2HclBIujHzsxZ4VJVA+GUuc2/LBw==",
        "dependencies": {}
      },
      "yargs@17.7.2": {
        "integrity": "sha512-7dSzzRQ++CKnNI/krKnYRV7JKKPUXMEh61soaHKg9mrWEhzFWhFnxPxGl+69cD1Ou63C13NUPCnmIcrvqCuM6w==",
        "dependencies": {
          "cliui": "cliui@8.0.1",
          "escalade": "escalade@3.1.1",
          "get-caller-file": "get-caller-file@2.0.5",
          "require-directory": "require-directory@2.1.1",
          "string-width": "string-width@4.2.3",
          "y18n": "y18n@5.0.8",
          "yargs-parser": "yargs-parser@21.1.1"
        }
      }
    }
  },
  "redirects": {
    "http://esm.sh/nanoid": "https://esm.sh/nanoid@4.0.2",
    "https://deno.land/x/dns_sd/mod.ts": "https://deno.land/x/dns_sd@2.0.0/mod.ts",
    "https://deno.land/x/vite_plugin_deno_resolve/mod.ts": "https://deno.land/x/vite_plugin_deno_resolve@0.5.0/mod.ts",
    "https://esm.sh/@lukekaalim/act-curve": "https://esm.sh/@lukekaalim/act-curve@3.2.0",
    "https://esm.sh/base64-arraybuffer": "https://esm.sh/base64-arraybuffer@1.0.2",
    "https://esm.sh/color": "https://esm.sh/color@4.2.3",
    "https://esm.sh/v133/@types/lodash-es@~4.17/index.d.ts": "https://esm.sh/v133/@types/lodash-es@4.17.10/index.d.ts",
    "https://esm.sh/v133/@types/lodash@4.14.200/index": "https://esm.sh/v133/@types/lodash@4.14.200/index~.d.ts",
    "https://esm.sh/v135/@types/color@latest/index.d.ts": "https://esm.sh/v135/@types/color@3.0.6/index.d.ts",
    "https://esm.sh/v135/@types/three@~0.155/index.d.ts": "https://esm.sh/v135/@types/three@0.155.1/index.d.ts"
  },
  "remote": {
    "https://deno.land/std@0.170.0/_util/asserts.ts": "d0844e9b62510f89ce1f9878b046f6a57bf88f208a10304aab50efcb48365272",
    "https://deno.land/std@0.170.0/_util/os.ts": "8a33345f74990e627b9dfe2de9b040004b08ea5146c7c9e8fe9a29070d193934",
    "https://deno.land/std@0.170.0/async/deferred.ts": "77d3f84255c3627f1cc88699d8472b664d7635990d5358c4351623e098e917d6",
    "https://deno.land/std@0.170.0/path/_constants.ts": "df1db3ffa6dd6d1252cc9617e5d72165cd2483df90e93833e13580687b6083c3",
    "https://deno.land/std@0.170.0/path/_interface.ts": "ee3b431a336b80cf445441109d089b70d87d5e248f4f90ff906820889ecf8d09",
    "https://deno.land/std@0.170.0/path/_util.ts": "d16be2a16e1204b65f9d0dfc54a9bc472cafe5f4a190b3c8471ec2016ccd1677",
    "https://deno.land/std@0.170.0/path/common.ts": "bee563630abd2d97f99d83c96c2fa0cca7cee103e8cb4e7699ec4d5db7bd2633",
    "https://deno.land/std@0.170.0/path/glob.ts": "81cc6c72be002cd546c7a22d1f263f82f63f37fe0035d9726aa96fc8f6e4afa1",
    "https://deno.land/std@0.170.0/path/mod.ts": "cf7cec7ac11b7048bb66af8ae03513e66595c279c65cfa12bfc07d9599608b78",
    "https://deno.land/std@0.170.0/path/posix.ts": "b859684bc4d80edfd4cad0a82371b50c716330bed51143d6dcdbe59e6278b30c",
    "https://deno.land/std@0.170.0/path/separator.ts": "fe1816cb765a8068afb3e8f13ad272351c85cbc739af56dacfc7d93d710fe0f9",
    "https://deno.land/std@0.170.0/path/win32.ts": "7cebd2bda6657371adc00061a1d23fdd87bcdf64b4843bb148b0b24c11b40f69",
    "https://deno.land/std@0.177.0/async/deferred.ts": "42790112f36a75a57db4a96d33974a936deb7b04d25c6084a9fa8a49f135def8",
    "https://deno.land/std@0.177.0/bytes/bytes_list.ts": "b4cbdfd2c263a13e8a904b12d082f6177ea97d9297274a4be134e989450dfa6a",
    "https://deno.land/std@0.177.0/bytes/concat.ts": "d26d6f3d7922e6d663dacfcd357563b7bf4a380ce5b9c2bbe0c8586662f25ce2",
    "https://deno.land/std@0.177.0/bytes/copy.ts": "939d89e302a9761dcf1d9c937c7711174ed74c59eef40a1e4569a05c9de88219",
    "https://deno.land/std@0.177.0/bytes/ends_with.ts": "4228811ebc71615d27f065c54b5e815ec1972538772b0f413c0efe05245b472e",
    "https://deno.land/std@0.177.0/bytes/equals.ts": "b87494ce5442dc786db46f91378100028c402f83a14a2f7bbff6bda7810aefe3",
    "https://deno.land/std@0.177.0/bytes/includes_needle.ts": "76a8163126fb2f8bf86fd7f22192c3bb04bf6a20b987a095127c2ca08adf3ba6",
    "https://deno.land/std@0.177.0/bytes/index_of_needle.ts": "65c939607df609374c4415598fa4dad04a2f14c4d98cd15775216f0aaf597f24",
    "https://deno.land/std@0.177.0/bytes/last_index_of_needle.ts": "7181072883cb4908c6ce8f7a5bb1d96787eef2c2ab3aa94fe4268ab326a53cbf",
    "https://deno.land/std@0.177.0/bytes/mod.ts": "e869bba1e7a2e3a9cc6c2d55471888429a544e70a840c087672e656e7ba21815",
    "https://deno.land/std@0.177.0/bytes/repeat.ts": "6f5e490d8d72bcbf8d84a6bb04690b9b3eb5822c5a11687bca73a2318a842294",
    "https://deno.land/std@0.177.0/bytes/starts_with.ts": "3e607a70c9c09f5140b7a7f17a695221abcc7244d20af3eb47ccbb63f5885135",
    "https://deno.land/x/dns_sd@2.0.0/deps.ts": "eac9a6c5683e654a0bd198f8e1c3854d28a67268784af767bbe9fec61e0aa519",
    "https://deno.land/x/dns_sd@2.0.0/mod.ts": "067daeb8f6bfbf0e32b5566f953adc6ad1f7674f3d85dd6ee5af7690b096fa0b",
    "https://deno.land/x/dns_sd@2.0.0/src/decode/message_decode.ts": "649844d7789a223e2bd0ef7ba7a5818ec0749a6efe4ecb7c5c7b1419bd0697f6",
    "https://deno.land/x/dns_sd@2.0.0/src/decode/message_encode.ts": "975083fbf09063a375b1e14e97ae4935867c6783a83f4a0c6c83fd181ad0cd9c",
    "https://deno.land/x/dns_sd@2.0.0/src/decode/types.ts": "125d68848265fc161a554d732abf35813a2d73d48cd74963f9b9cce1c4cd59ed",
    "https://deno.land/x/dns_sd@2.0.0/src/dns_sd/advertise.ts": "0651266d96a473a9b2ba36641379eb89fff18316f2c2dc2d63c8ad0ceb699e23",
    "https://deno.land/x/dns_sd@2.0.0/src/dns_sd/browse.ts": "f0187c2c29a2b2240d04b8fbb34e23f9fdb1a9b4307bf28628c7b8a205c6d600",
    "https://deno.land/x/dns_sd@2.0.0/src/fast_fifo.ts": "ca1bf401b77c5956a183497ecd33ae7f8d0d6f7befaa2f82530cf7e09e5fd5ad",
    "https://deno.land/x/dns_sd@2.0.0/src/mdns/constants.ts": "8563ce1507bfa48f8359f16ad8135c07e2ae57df23690ce6bff3159986535cd7",
    "https://deno.land/x/dns_sd@2.0.0/src/mdns/default_driver.ts": "ff06c082010e7dc7b27e012d13becd49de085967be5fec675aa041aa01e6dc68",
    "https://deno.land/x/dns_sd@2.0.0/src/mdns/get_own_address.ts": "3a825907d90b8d2e5d9384b3f0f2ef4e655a21b54d03ab3f1b1ce5ba1bbe5857",
    "https://deno.land/x/dns_sd@2.0.0/src/mdns/multicast_interface.ts": "e1f236413f379628517793ec064dae1ed85bfdfa9a199deda52019bd92638df4",
    "https://deno.land/x/dns_sd@2.0.0/src/mdns/query.ts": "2db6bdb4e343285b142b2c422d60199b9fad39744cb1a90aedf61e2a7c0eed15",
    "https://deno.land/x/dns_sd@2.0.0/src/mdns/responder.ts": "8b7805ad0c26030b020147f94ff4300af19af8501bbfe34148d2f527e1e5f2de",
    "https://deno.land/x/shallow_equal@v0.1.3/arrays.ts": "2ffe92cd73423ce89ef6b1fd2fad26c3657d114a4030cd410daa78f210754192",
    "https://deno.land/x/shallow_equal@v0.1.3/mod.ts": "8699bbfa42900fcec42d270fdfa0f2c9c03a2098221d974088c946cbafdc8fb6",
    "https://deno.land/x/shallow_equal@v0.1.3/objects.ts": "0859f90c3269b0b420d2e7776ecbed574bed79af4afea957050e63eb35f29f0c",
    "https://deno.land/x/vite_plugin_deno_resolve@0.5.0/mod.ts": "b068a2804d9acfe1ebdfa9a2212a54aa5ce48bfd1e4d99103bd29d2129ccdeac",
    "https://deno.land/x/vite_plugin_deno_resolve@0.5.0/src/deno.ts": "b03ee71a751bd682db988cd6ff5780215660c8deb5a3ef48b542ebfa09c65db2",
    "https://deno.land/x/vite_plugin_deno_resolve@0.5.0/src/npm-resolve.ts": "63960f5d86390c1e9e6844ffbdc9174ae6410348bfae69a566dff6c71250f9bd",
    "https://deno.land/x/vite_plugin_deno_resolve@0.5.0/src/types.ts": "4fa625cdb931addcc072d3ad786c39df1c4403cdccff3aeebbc515e4e95ef304",
    "https://deno.land/x/vite_plugin_deno_resolve@0.5.0/src/url-resolve.ts": "33e7cff3506cb30c06f211c38ae3b5cd16d13c6268267b1593d7b000ccbb57c1",
    "https://esm.sh/@lukekaalim/act-navigation@1.2.0": "6d1a9d6ec7b25381803d33d706c9bc0db147de06d8c754738e0d8f17330df2be",
    "https://esm.sh/@lukekaalim/act-web@2.3.0": "2002ba224dd8a810b8628c2568eb0ce9663a75ba0ffe00f37d31efe29c69de22",
    "https://esm.sh/@lukekaalim/act@2.6.0": "00bd38d9f159e64789a7882e7f5c9964bc6fad6cf11604a3ab2e71e2e5bb7f59",
    "https://esm.sh/rxjs@7.8.1": "b0970419485ad9c4f4e48193a3a34930a1a6c0dbb66f098ca3cbcbf454007538",
    "https://esm.sh/three@0.155.0": "b26c1058678a2cb7b98bd9bdce69501602a63d9bfa0375e6496d31b3cc1a9412",
    "https://esm.sh/v126/@lukekaalim/act-reconciler@3.2.1/denonext/act-reconciler.mjs": "8d4e4be47d909a4472a6a96130179a83fae26f6e1c1a1e315a09ce2216cca722",
    "https://esm.sh/v126/@lukekaalim/act-reconciler@3.2.1/denonext/util.js": "ae55969c1d0b38c882e262fef6d6029d21674d31dbf950ce31f5538fd1cae299",
    "https://esm.sh/v126/@lukekaalim/act-renderer-core@3.4.0/denonext/act-renderer-core.mjs": "b0fcf29d345698e86e7901b1f2b7e29fc3090b5515cb305792bec1aea76d478b",
    "https://esm.sh/v126/@lukekaalim/act-web@2.3.0/denonext/act-web.mjs": "681283de86ff59b8ae96846f17d0edbdb1aa92f379dbbeded39ef9ccfabc92b3",
    "https://esm.sh/v126/@lukekaalim/act@2.6.0": "ebd9b0766883a54ed59dc4b798868d8e802992e6e76e748ac6aaf47c627bc72e",
    "https://esm.sh/v126/@lukekaalim/act@2.6.0/denonext/act.mjs": "6c67a9695ab30ffb9d756f2a07f44154b3092f60c826aff93737e2129222fe79",
    "https://esm.sh/v130/@lukekaalim/act-navigation@1.2.0/denonext/act-navigation.mjs": "df9ff0593ead4e2518ce26343136ee60a000c4f642e4e070a76f378dddd1b14c",
    "https://esm.sh/v130/@lukekaalim/act@2.6.0/denonext/act.mjs": "6c67a9695ab30ffb9d756f2a07f44154b3092f60c826aff93737e2129222fe79",
    "https://esm.sh/v130/rxjs@7.8.1/denonext/rxjs.mjs": "e36416642067f17e9288251cc7e9bb5d299efb4f335670d0849ee2a20f6de245",
    "https://esm.sh/v130/three@0.155.0/denonext/three.mjs": "dd419f24df1e6a65fb2d400ff4bc6624c2fdac27302d18fddc8127a4b6f97272",
    "https://esm.sh/v130/tslib@2.6.1/denonext/tslib.mjs": "4694ecbc32a05aa4a37497b65f3e55018c24b2a4e4f05462a7746fc4850b4791"
  }
}
